
Microsoft Visual Studio Solution File, Format Version 12.00
# Visual Studio Version 16
VisualStudioVersion = 16.0.30114.105
MinimumVisualStudioVersion = 10.0.40219.1
Project("{FAE04EC0-301F-11D3-BF4B-00C04F79EFBC}") = "full_and_all", "full_and_all\full_and_all.csproj", "{F76D4E86-B8AC-4439-98DA-71DA28BD7B78}"
EndProject
Global
	GlobalSection(SolutionConfigurationPlatforms) = preSolution
		Debug|Any CPU = Debug|Any CPU
		Release|Any CPU = Release|Any CPU
	EndGlobalSection
	GlobalSection(ProjectConfigurationPlatforms) = postSolution
		{F76D4E86-B8AC-4439-98DA-71DA28BD7B78}.Debug|Any CPU.ActiveCfg = Debug|Any CPU
		{F76D4E86-B8AC-4439-98DA-71DA28BD7B78}.Debug|Any CPU.Build.0 = Debug|Any CPU
		{F76D4E86-B8AC-4439-98DA-71DA28BD7B78}.Release|Any CPU.ActiveCfg = Release|Any CPU
		{F76D4E86-B8AC-4439-98DA-71DA28BD7B78}.Release|Any CPU.Build.0 = Release|Any CPU
	EndGlobalSection
	GlobalSection(SolutionProperties) = preSolution
		HideSolutionNode = FALSE
	EndGlobalSection
	GlobalSection(ExtensibilityGlobals) = postSolution
		SolutionGuid = {FAA0B46E-C04D-4AE6-A1BE-1895997C4A34}
	EndGlobalSection
EndGlobal
